
Microsoft Visual Studio Solution File, Format Version 12.00
# Visual Studio 15
VisualStudioVersion = 15.0.27703.2042
MinimumVisualStudioVersion = 10.0.40219.1
Project("{FAE04EC0-301F-11D3-BF4B-00C04F79EFBC}") = "OPS_OphellSystem", "OPS_OphellSystem\OPS_OphellSystem.csproj", "{D477DDAA-13B0-415F-B7CE-7EF63562DEB3}"
EndProject
Project("{FAE04EC0-301F-11D3-BF4B-00C04F79EFBC}") = "TesteOph", "TesteOph\TesteOph.csproj", "{B771EBF6-6D86-47F4-96C1-5D6DA02088E5}"
EndProject
Global
	GlobalSection(SolutionConfigurationPlatforms) = preSolution
		Debug|Any CPU = Debug|Any CPU
		Release|Any CPU = Release|Any CPU
	EndGlobalSection
	GlobalSection(ProjectConfigurationPlatforms) = postSolution
		{D477DDAA-13B0-415F-B7CE-7EF63562DEB3}.Debug|Any CPU.ActiveCfg = Debug|Any CPU
		{D477DDAA-13B0-415F-B7CE-7EF63562DEB3}.Debug|Any CPU.Build.0 = Debug|Any CPU
		{D477DDAA-13B0-415F-B7CE-7EF63562DEB3}.Release|Any CPU.ActiveCfg = Release|Any CPU
		{D477DDAA-13B0-415F-B7CE-7EF63562DEB3}.Release|Any CPU.Build.0 = Release|Any CPU
		{B771EBF6-6D86-47F4-96C1-5D6DA02088E5}.Debug|Any CPU.ActiveCfg = Debug|Any CPU
		{B771EBF6-6D86-47F4-96C1-5D6DA02088E5}.Debug|Any CPU.Build.0 = Debug|Any CPU
		{B771EBF6-6D86-47F4-96C1-5D6DA02088E5}.Release|Any CPU.ActiveCfg = Release|Any CPU
		{B771EBF6-6D86-47F4-96C1-5D6DA02088E5}.Release|Any CPU.Build.0 = Release|Any CPU
	EndGlobalSection
	GlobalSection(SolutionProperties) = preSolution
		HideSolutionNode = FALSE
	EndGlobalSection
	GlobalSection(ExtensibilityGlobals) = postSolution
		SolutionGuid = {ACE95601-87E6-4BBD-853D-E445B84D314E}
	EndGlobalSection
EndGlobal
